
Microsoft Visual Studio Solution File, Format Version 12.00
# Visual Studio 15
VisualStudioVersion = 15.0.26403.7
MinimumVisualStudioVersion = 10.0.40219.1
Project("{FAE04EC0-301F-11D3-BF4B-00C04F79EFBC}") = "MoqDemo", "MoqDemo\MoqDemo.csproj", "{FA218ACB-B304-48F9-949C-821D418DD84E}"
EndProject
Global
	GlobalSection(SolutionConfigurationPlatforms) = preSolution
		Debug|Any CPU = Debug|Any CPU
		Release|Any CPU = Release|Any CPU
	EndGlobalSection
	GlobalSection(ProjectConfigurationPlatforms) = postSolution
		{FA218ACB-B304-48F9-949C-821D418DD84E}.Debug|Any CPU.ActiveCfg = Debug|Any CPU
		{FA218ACB-B304-48F9-949C-821D418DD84E}.Debug|Any CPU.Build.0 = Debug|Any CPU
		{FA218ACB-B304-48F9-949C-821D418DD84E}.Release|Any CPU.ActiveCfg = Release|Any CPU
		{FA218ACB-B304-48F9-949C-821D418DD84E}.Release|Any CPU.Build.0 = Release|Any CPU
	EndGlobalSection
	GlobalSection(SolutionProperties) = preSolution
		HideSolutionNode = FALSE
	EndGlobalSection
EndGlobal
